{
  "requires": true,
  "lockfileVersion": 1,
  "dependencies": {
    "@asymmetrik/ngx-leaflet": {
      "version": "8.1.0",
      "resolved": "https://registry.npmjs.org/@asymmetrik/ngx-leaflet/-/ngx-leaflet-8.1.0.tgz",
      "integrity": "sha512-lq7LduBP/vXcaSEmKnx7mzCR8WsoYqh9pB6BNnq53yeCwsqRbG3GdKye1/i8VvoRzjDsmQBPQsIFZ9uclXrtgg=="
    },
    "leaflet": {
      "version": "1.7.1",
      "resolved": "https://registry.npmjs.org/leaflet/-/leaflet-1.7.1.tgz",
      "integrity": "sha512-/xwPEBidtg69Q3HlqPdU3DnrXQOvQU/CCHA1tcDQVzOwm91YMYaILjNp7L4Eaw5Z4sOYdbBz6koWyibppd8Zqw=="
    }
  }
}
